{
  "lockfileVersion": 1,
  "configVersion": 1,
  "workspaces": {
    "": {
      "name": "session-adapter",
      "dependencies": {
        "@session.js/client": "^0.0.57",
        "@session.js/file-keyval-storage": "^1.0.4",
        "dotenv": "^17.4.2",
      },
      "devDependencies": {
        "@types/bun": "^1.3.14",
      },
      "peerDependencies": {
        "typescript": "^5",
      },
    },
  },
  "packages": {
    "@noble/ciphers": ["@noble/ciphers@2.2.0", "", {}, "sha512-Z6pjIZ/8IJcCGzb2S/0Px5J81yij85xASuk1teLNeg75bfT07MV3a/O2Mtn1I2se43k3lkVEcFaR10N4cgQcZA=="],

    "@noble/curves": ["@noble/curves@2.2.0", "", { "dependencies": { "@noble/hashes": "2.2.0" } }, "sha512-T/BoHgFXirb0ENSPBquzX0rcjXeM6Lo892a2jlYJkqk83LqZx0l1Of7DzlKJ6jkpvMrkHSnAcgb5JegL8SeIkQ=="],

    "@noble/hashes": ["@noble/hashes@2.2.0", "", {}, "sha512-IYqDGiTXab6FniAgnSdZwgWbomxpy9FtYvLKs7wCUs2a8RkITG+DFGO1DM9cr+E3/RgADRpFjrKVaJ1z6sjtEg=="],

    "@protobufjs/aspromise": ["@protobufjs/aspromise@1.1.2", "", {}, "sha512-j+gKExEuLmKwvz3OgROXtrJ2UG2x8Ch2YZUxahh+s1F2HZ+wAceUNLkvy6zKCPVRkU++ZWQrdxsUeQXmcg4uoQ=="],

    "@protobufjs/base64": ["@protobufjs/base64@1.1.2", "", {}, "sha512-AZkcAA5vnN/v4PDqKyMR5lx7hZttPDgClv83E//FMNhR2TMcLUhfRUBHCmSl0oi9zMgDDqRUJkSxO3wm85+XLg=="],

    "@protobufjs/codegen": ["@protobufjs/codegen@2.0.5", "", {}, "sha512-zgXFLzW3Ap33e6d0Wlj4MGIm6Ce8O89n/apUaGNB/jx+hw+ruWEp7EwGUshdLKVRCxZW12fp9r40E1mQrf/34g=="],

    "@protobufjs/eventemitter": ["@protobufjs/eventemitter@1.1.1", "", {}, "sha512-vW1GmwMZNnL+gMRaovlh9yZX74kc+TTU3FObkkurpMaRtBfLP3ldjS9KQWlwZgraRE0+dheEEoAxdzcJQ8eXZg=="],

    "@protobufjs/fetch": ["@protobufjs/fetch@1.1.1", "", { "dependencies": { "@protobufjs/aspromise": "^1.1.1" } }, "sha512-GpptLrs57adMSuHi3VNj0mAF8dwh36LMaYF6XyJ6JMWlVsc+t42tm1HSEDmOs3A8fC9yyeisgLhsTVQokOZ0zw=="],

    "@protobufjs/float": ["@protobufjs/float@1.0.2", "", {}, "sha512-Ddb+kVXlXst9d+R9PfTIxh1EdNkgoRe5tOX6t01f1lYWOvJnSPDBlG241QLzcyPdoNTsblLUdujGSE4RzrTZGQ=="],

    "@protobufjs/path": ["@protobufjs/path@1.1.2", "", {}, "sha512-6JOcJ5Tm08dOHAbdR3GrvP+yUUfkjG5ePsHYczMFLq3ZmMkAD98cDgcT2iA1lJ9NVwFd4tH/iSSoe44YWkltEA=="],

    "@protobufjs/pool": ["@protobufjs/pool@1.1.0", "", {}, "sha512-0kELaGSIDBKvcgS4zkjz1PeddatrjYcmMWOlAuAPwAeccUrPHdUqo/J6LiymHHEiJT5NrF1UVwxY14f+fy4WQw=="],

    "@protobufjs/utf8": ["@protobufjs/utf8@1.1.2", "", {}, "sha512-b1UQwcEZ4yCnMCD8DAL1VlbvBJE9/IX4FTIp7BG1xYpf29SLazLSrqUkj4w7Y5y7cCVP6E5tcqqcI0xemPkHug=="],

    "@scure/base": ["@scure/base@2.2.0", "", {}, "sha512-b8XEupJibegiXV+tDUseI8oLQc8ei3d/4Jkb2RpbHh3MfE054ov3uIz2dhFkB3FI8iwYkEh0gGCApkrYggkPNg=="],

    "@session.js/bun-network": ["@session.js/bun-network@1.0.15", "", { "dependencies": { "@session.js/errors": "^1.0.11", "@session.js/types": "^1.0.19", "lodash": "^4.17.21" }, "peerDependencies": { "typescript": "^5.0.0" } }, "sha512-WC8f3x360PjyOskTHzJJIz/5KfxoOz+TQgGaqYVMc9bbZxKTIu6JnUdlmtWbQqNWRLvqus6rhH2rZen+iSi9uA=="],

    "@session.js/client": ["@session.js/client@0.0.57", "", { "dependencies": { "@noble/ciphers": "^2.1.1", "@noble/curves": "^2.0.1", "@noble/hashes": "^2.0.1", "@scure/base": "^2.0.0", "@session.js/bun-network": "^1.0.14", "@session.js/consts": "^1.0.4", "@session.js/errors": "^1.0.11", "@session.js/keypair": "^1.0.8", "@session.js/mnemonic": "^1.0.6", "@session.js/types": "^1.0.14", "curve25519-js": "^0.0.4", "lodash": "^4.17.21", "p-retry": "^6.2.0", "protobufjs": "^7.3.0", "uuid": "^13.0.0", "zod": "^3.23.8" }, "peerDependencies": { "typescript": "^5.0.0" } }, "sha512-WJ4ubMCRsT80pb2ZPLReS83UywYm5BHbd9wCtx/KmAvVjfFvXAwk783WS8g6GzfLtL8YKFkvAoZm0VnKcmKmbg=="],

    "@session.js/consts": ["@session.js/consts@1.0.4", "", { "peerDependencies": { "typescript": "^5.0.0" } }, "sha512-T9dxfvyOLsy+XKTUet5KKCH7+G0UJgM3igNqYgidmAtFAgSUommJml4Ikh7ltJ3+k7cw+G1UY4BjtsM1Kpo46w=="],

    "@session.js/errors": ["@session.js/errors@1.0.11", "", { "peerDependencies": { "typescript": "^5.0.0" } }, "sha512-r06Bb/g5P8HjXZF8u/36RFeLe974TbczB227pvTeJtA27PshH8M4o3DBpFl728+6THuIAke8SdOmdNGaElCc9A=="],

    "@session.js/file-keyval-storage": ["@session.js/file-keyval-storage@1.0.4", "", { "dependencies": { "@session.js/types": "^1.0.19" }, "peerDependencies": { "typescript": "^5.0.0" } }, "sha512-vabJ8JH+TJatvLapGfKlQu7lx7s47c9b1IFaQVYHNLh59Iybc2J2Unlf4M1Ple0TtG6QohcxvI20/aY1Jes7PQ=="],

    "@session.js/keypair": ["@session.js/keypair@1.0.8", "", { "dependencies": { "@noble/curves": "^2.0.1" }, "peerDependencies": { "typescript": "^5.0.0" } }, "sha512-QRq/Qd6EHGMCiaAPA06g+QPT8Y9YW8vTggIn7GzodWQci7Wmyirr375+HHrbkKdNusHpizN/zJPQsTLPT5cAbw=="],

    "@session.js/mnemonic": ["@session.js/mnemonic@1.0.6", "", { "dependencies": { "@session.js/errors": "^1.0.11" }, "peerDependencies": { "typescript": "^5.0.0" } }, "sha512-pg/dOttuDAKRWGon4lA7e6rCLkxaW4Z5BrVneusk0WGlUARH3I02rZbrLflw5FhXseQeowLhdK7mKnjM3Ghx1A=="],

    "@session.js/types": ["@session.js/types@1.0.19", "", { "dependencies": { "@session.js/consts": "^1.0.4", "@session.js/errors": "^1.0.11", "lodash": "^4.17.21", "long": "^5.3.2", "protobufjs": "^7.3.2" }, "peerDependencies": { "typescript": "^5.0.0" } }, "sha512-6uGM9jMcY4nWUtY/oc7t1kLtnLXA9AnDX8VV4yXMA8sfrUBlrI+fn00Y84r75Q5PK0xMj9eQglRf+L7QoQBYyg=="],

    "@types/bun": ["@types/bun@1.3.14", "", { "dependencies": { "bun-types": "1.3.14" } }, "sha512-h1hFqFVcvAvD9j9K7ZW7vd82aSA+rTdznZa+5bwvCwqSB1jmmfLcbIWhOLx1/+boy/xmjgCs/OMUL8hRJSmnPw=="],

    "@types/node": ["@types/node@26.1.1", "", { "dependencies": { "undici-types": "~8.3.0" } }, "sha512-nxAkRSVkN1Y0JC1W8ky/fTfkGsMmcrRsbx+3XoZE+rMOX71kLYTV7fLXpqud1GpbpP5TuffXFqfX7fH2GgZREw=="],

    "@types/retry": ["@types/retry@0.12.2", "", {}, "sha512-XISRgDJ2Tc5q4TRqvgJtzsRkFYNJzZrhTdtMoGVBttwzzQJkPnS3WWTFc7kuDRoPtPakl+T+OfdEUjYJj7Jbow=="],

    "bun-types": ["bun-types@1.3.14", "", { "dependencies": { "@types/node": "*" } }, "sha512-4N0ig0fEomHt5R0KCFWjovxow98rIoRwKolrYdCcknNwMekCXRnWEUvgu5soYV8QXtVsrUD8B95MBOZGPvr6KQ=="],

    "curve25519-js": ["curve25519-js@0.0.4", "", {}, "sha512-axn2UMEnkhyDUPWOwVKBMVIzSQy2ejH2xRGy1wq81dqRwApXfIzfbE3hIX0ZRFBIihf/KDqK158DLwESu4AK1w=="],

    "dotenv": ["dotenv@17.4.2", "", {}, "sha512-nI4U3TottKAcAD9LLud4Cb7b2QztQMUEfHbvhTH09bqXTxnSie8WnjPALV/WMCrJZ6UV/qHJ6L03OqO3LcdYZw=="],

    "is-network-error": ["is-network-error@1.3.2", "", {}, "sha512-PhBY86zaxNZUuWP6h13Vu5oFe0XY6/UlKzQnYFELzGVHygP3MxmvTfYSG7GN3aIab/iWudSMgjSnG9Dq+nHrgA=="],

    "lodash": ["lodash@4.18.1", "", {}, "sha512-dMInicTPVE8d1e5otfwmmjlxkZoUpiVLwyeTdUsi/Caj/gfzzblBcCE5sRHV/AsjuCmxWrte2TNGSYuCeCq+0Q=="],

    "long": ["long@5.3.2", "", {}, "sha512-mNAgZ1GmyNhD7AuqnTG3/VQ26o760+ZYBPKjPvugO8+nLbYfX6TVpJPseBvopbdY+qpZ/lKUnmEc1LeZYS3QAA=="],

    "p-retry": ["p-retry@6.2.1", "", { "dependencies": { "@types/retry": "0.12.2", "is-network-error": "^1.0.0", "retry": "^0.13.1" } }, "sha512-hEt02O4hUct5wtwg4H4KcWgDdm+l1bOaEy/hWzd8xtXB9BqxTWBBhb+2ImAtH4Cv4rPjV76xN3Zumqk3k3AhhQ=="],

    "protobufjs": ["protobufjs@7.6.5", "", { "dependencies": { "@protobufjs/aspromise": "^1.1.2", "@protobufjs/base64": "^1.1.2", "@protobufjs/codegen": "^2.0.5", "@protobufjs/eventemitter": "^1.1.1", "@protobufjs/fetch": "^1.1.1", "@protobufjs/float": "^1.0.2", "@protobufjs/path": "^1.1.2", "@protobufjs/pool": "^1.1.0", "@protobufjs/utf8": "^1.1.1", "@types/node": ">=13.7.0", "long": "^5.3.2" } }, "sha512-/FPD0nUc9jH6rfFjji9IBqOz4pcSE3CsT1m7Ep6Mdb0LxSUMj8hgl6GomOvZzpNpAqqGaXA0P3VSrZLFzIhQrw=="],

    "retry": ["retry@0.13.1", "", {}, "sha512-XQBQ3I8W1Cge0Seh+6gjj03LbmRFWuoszgK9ooCpwYIrhhoO80pfq4cUkU5DkknwfOfFteRwlZ56PYOGYyFWdg=="],

    "typescript": ["typescript@5.9.3", "", { "bin": { "tsc": "bin/tsc", "tsserver": "bin/tsserver" } }, "sha512-jl1vZzPDinLr9eUt3J/t7V6FgNEw9QjvBPdysz9KfQDD41fQrC2Y4vKQdiaUpFT4bXlb1RHhLpp8wtm6M5TgSw=="],

    "undici-types": ["undici-types@8.3.0", "", {}, "sha512-j375ScV60dom+YkPFIfTLcOiPxkN/buHz5GobjLhixFuANaNs3C9l4GmrWqejgXWJ7BbJcFYpTEUkS1Ge8bpZQ=="],

    "uuid": ["uuid@13.0.2", "", { "bin": { "uuid": "dist-node/bin/uuid" } }, "sha512-vzi9uRZ926x4XV73S/4qQaTwPXM2JBj6/6lI/byHH1jOpCzb0zDbfytgA9LcN/hzb2l7WQSQnxITOVx5un/wGw=="],

    "zod": ["zod@3.25.76", "", {}, "sha512-gzUt/qt81nXsFGKIFcC3YnfEAx5NkunCfnDlvuBSSFS02bcXu4Lmea0AFIUwbLWxWPx3d9p8S5QoaujKcNQxcQ=="],
  }
}
